// !$*UTF8*$!
{
	archiveVersion = 1;
	classes = {
	};
	objectVersion = 50;
	objects = {

/* Begin PBXBuildFile section */
		048FEE322244853C001160C8 /* AppDelegate.m in Sources */ = {isa = PBXBuildFile; fileRef = 048FEE312244853C001160C8 /* AppDelegate.m */; };
		048FEE352244853C001160C8 /* ViewController.m in Sources */ = {isa = PBXBuildFile; fileRef = 048FEE342244853C001160C8 /* ViewController.m */; };
		048FEE382244853C001160C8 /* Main.storyboard in Resources */ = {isa = PBXBuildFile; fileRef = 048FEE362244853C001160C8 /* Main.storyboard */; };
		048FEE3A2244853C001160C8 /* Assets.xcassets in Resources */ = {isa = PBXBuildFile; fileRef = 048FEE392244853C001160C8 /* Assets.xcassets */; };
		048FEE3D2244853C001160C8 /* LaunchScreen.storyboard in Resources */ = {isa = PBXBuildFile; fileRef = 048FEE3B2244853C001160C8 /* LaunchScreen.storyboard */; };
		048FEE402244853C001160C8 /* main.m in Sources */ = {isa = PBXBuildFile; fileRef = 048FEE3F2244853C001160C8 /* main.m */; };
		048FEE4A2244853C001160C8 /* JMianTests.m in Sources */ = {isa = PBXBuildFile; fileRef = 048FEE492244853C001160C8 /* JMianTests.m */; };
		048FEE552244853C001160C8 /* JMianUITests.m in Sources */ = {isa = PBXBuildFile; fileRef = 048FEE542244853C001160C8 /* JMianUITests.m */; };
/* End PBXBuildFile section */

/* Begin PBXContainerItemProxy section */
		048FEE462244853C001160C8 /* PBXContainerItemProxy */ = {
			isa = PBXContainerItemProxy;
			containerPortal = 048FEE252244853B001160C8 /* Project object */;
			proxyType = 1;
			remoteGlobalIDString = 048FEE2C2244853C001160C8;
			remoteInfo = JMian;
		};
		048FEE512244853C001160C8 /* PBXContainerItemProxy */ = {
			isa = PBXContainerItemProxy;
			containerPortal = 048FEE252244853B001160C8 /* Project object */;
			proxyType = 1;
			remoteGlobalIDString = 048FEE2C2244853C001160C8;
			remoteInfo = JMian;
		};
/* End PBXContainerItemProxy section */

/* Begin PBXFileReference section */
		048FEE2D2244853C001160C8 /* JMian.app */ = {isa = PBXFileReference; explicitFileType = wrapper.application; includeInIndex = 0; path = JMian.app; sourceTree = BUILT_PRODUCTS_DIR; };
		048FEE302244853C001160C8 /* AppDelegate.h */ = {isa = PBXFileReference; lastKnownFileType = sourcecode.c.h; path = AppDelegate.h; sourceTree = "<group>"; };
		048FEE312244853C001160C8 /* AppDelegate.m */ = {isa = PBXFileReference; lastKnownFileType = sourcecode.c.objc; path = AppDelegate.m; sourceTree = "<group>"; };
		048FEE332244853C001160C8 /* ViewController.h */ = {isa = PBXFileReference; lastKnownFileType = sourcecode.c.h; path = ViewController.h; sourceTree = "<group>"; };
		048FEE342244853C001160C8 /* ViewController.m */ = {isa = PBXFileReference; lastKnownFileType = sourcecode.c.objc; path = ViewController.m; sourceTree = "<group>"; };
		048FEE372244853C001160C8 /* Base */ = {isa = PBXFileReference; lastKnownFileType = file.storyboard; name = Base; path = Base.lproj/Main.storyboard; sourceTree = "<group>"; };
		048FEE392244853C001160C8 /* Assets.xcassets */ = {isa = PBXFileReference; lastKnownFileType = folder.assetcatalog; path = Assets.xcassets; sourceTree = "<group>"; };
		048FEE3C2244853C001160C8 /* Base */ = {isa = PBXFileReference; lastKnownFileType = file.storyboard; name = Base; path = Base.lproj/LaunchScreen.storyboard; sourceTree = "<group>"; };
		048FEE3E2244853C001160C8 /* Info.plist */ = {isa = PBXFileReference; lastKnownFileType = text.plist.xml; path = Info.plist; sourceTree = "<group>"; };
		048FEE3F2244853C001160C8 /* main.m */ = {isa = PBXFileReference; lastKnownFileType = sourcecode.c.objc; path = main.m; sourceTree = "<group>"; };
		048FEE452244853C001160C8 /* JMianTests.xctest */ = {isa = PBXFileReference; explicitFileType = wrapper.cfbundle; includeInIndex = 0; path = JMianTests.xctest; sourceTree = BUILT_PRODUCTS_DIR; };
		048FEE492244853C001160C8 /* JMianTests.m */ = {isa = PBXFileReference; lastKnownFileType = sourcecode.c.objc; path = JMianTests.m; sourceTree = "<group>"; };
		048FEE4B2244853C001160C8 /* Info.plist */ = {isa = PBXFileReference; lastKnownFileType = text.plist.xml; path = Info.plist; sourceTree = "<group>"; };
		048FEE502244853C001160C8 /* JMianUITests.xctest */ = {isa = PBXFileReference; explicitFileType = wrapper.cfbundle; includeInIndex = 0; path = JMianUITests.xctest; sourceTree = BUILT_PRODUCTS_DIR; };
		048FEE542244853C001160C8 /* JMianUITests.m */ = {isa = PBXFileReference; lastKnownFileType = sourcecode.c.objc; path = JMianUITests.m; sourceTree = "<group>"; };
		048FEE562244853C001160C8 /* Info.plist */ = {isa = PBXFileReference; lastKnownFileType = text.plist.xml; path = Info.plist; sourceTree = "<group>"; };
/* End PBXFileReference section */

/* Begin PBXFrameworksBuildPhase section */
		048FEE2A2244853C001160C8 /* Frameworks */ = {
			isa = PBXFrameworksBuildPhase;
			buildActionMask = 2147483647;
			files = (
			);
			runOnlyForDeploymentPostprocessing = 0;
		};
		048FEE422244853C001160C8 /* Frameworks */ = {
			isa = PBXFrameworksBuildPhase;
			buildActionMask = 2147483647;
			files = (
			);
			runOnlyForDeploymentPostprocessing = 0;
		};
		048FEE4D2244853C001160C8 /* Frameworks */ = {
			isa = PBXFrameworksBuildPhase;
			buildActionMask = 2147483647;
			files = (
			);
			runOnlyForDeploymentPostprocessing = 0;
		};
/* End PBXFrameworksBuildPhase section */

/* Begin PBXGroup section */
		048FEE242244853B001160C8 = {
			isa = PBXGroup;
			children = (
				048FEE2F2244853C001160C8 /* JMian */,
				048FEE482244853C001160C8 /* JMianTests */,
				048FEE532244853C001160C8 /* JMianUITests */,
				048FEE2E2244853C001160C8 /* Products */,
			);
			sourceTree = "<group>";
		};
		048FEE2E2244853C001160C8 /* Products */ = {
			isa = PBXGroup;
			children = (
				048FEE2D2244853C001160C8 /* JMian.app */,
				048FEE452244853C001160C8 /* JMianTests.xctest */,
				048FEE502244853C001160C8 /* JMianUITests.xctest */,
			);
			name = Products;
			sourceTree = "<group>";
		};
		048FEE2F2244853C001160C8 /* JMian */ = {
			isa = PBXGroup;
			children = (
				048FEE302244853C001160C8 /* AppDelegate.h */,
				048FEE312244853C001160C8 /* AppDelegate.m */,
				048FEE332244853C001160C8 /* ViewController.h */,
				048FEE342244853C001160C8 /* ViewController.m */,
				048FEE362244853C001160C8 /* Main.storyboard */,
				048FEE392244853C001160C8 /* Assets.xcassets */,
				048FEE3B2244853C001160C8 /* LaunchScreen.storyboard */,
				048FEE3E2244853C001160C8 /* Info.plist */,
				048FEE3F2244853C001160C8 /* main.m */,
			);
			path = JMian;
			sourceTree = "<group>";
		};
		048FEE482244853C001160C8 /* JMianTests */ = {
			isa = PBXGroup;
			children = (
				048FEE492244853C001160C8 /* JMianTests.m */,
				048FEE4B2244853C001160C8 /* Info.plist */,
			);
			path = JMianTests;
			sourceTree = "<group>";
		};
		048FEE532244853C001160C8 /* JMianUITests */ = {
			isa = PBXGroup;
			children = (
				048FEE542244853C001160C8 /* JMianUITests.m */,
				048FEE562244853C001160C8 /* Info.plist */,
			);
			path = JMianUITests;
			sourceTree = "<group>";
		};
/* End PBXGroup section */

/* Begin PBXNativeTarget section */
		048FEE2C2244853C001160C8 /* JMian */ = {
			isa = PBXNativeTarget;
			buildConfigurationList = 048FEE592244853C001160C8 /* Build configuration list for PBXNativeTarget "JMian" */;
			buildPhases = (
				048FEE292244853C001160C8 /* Sources */,
				048FEE2A2244853C001160C8 /* Frameworks */,
				048FEE2B2244853C001160C8 /* Resources */,
			);
			buildRules = (
			);
			dependencies = (
			);
			name = JMian;
			productName = JMian;
			productReference = 048FEE2D2244853C001160C8 /* JMian.app */;
			productType = "com.apple.product-type.application";
		};
		048FEE442244853C001160C8 /* JMianTests */ = {
			isa = PBXNativeTarget;
			buildConfigurationList = 048FEE5C2244853C001160C8 /* Build configuration list for PBXNativeTarget "JMianTests" */;
			buildPhases = (
				048FEE412244853C001160C8 /* Sources */,
				048FEE422244853C001160C8 /* Frameworks */,
				048FEE432244853C001160C8 /* Resources */,
			);
			buildRules = (
			);
			dependencies = (
				048FEE472244853C001160C8 /* PBXTargetDependency */,
			);
			name = JMianTests;
			productName = JMianTests;
			productReference = 048FEE452244853C001160C8 /* JMianTests.xctest */;
			productType = "com.apple.product-type.bundle.unit-test";
		};
		048FEE4F2244853C001160C8 /* JMianUITests */ = {
			isa = PBXNativeTarget;
			buildConfigurationList = 048FEE5F2244853C001160C8 /* Build configuration list for PBXNativeTarget "JMianUITests" */;
			buildPhases = (
				048FEE4C2244853C001160C8 /* Sources */,
				048FEE4D2244853C001160C8 /* Frameworks */,
				048FEE4E2244853C001160C8 /* Resources */,
			);
			buildRules = (
			);
			dependencies = (
				048FEE522244853C001160C8 /* PBXTargetDependency */,
			);
			name = JMianUITests;
			productName = JMianUITests;
			productReference = 048FEE502244853C001160C8 /* JMianUITests.xctest */;
			productType = "com.apple.product-type.bundle.ui-testing";
		};
/* End PBXNativeTarget section */

/* Begin PBXProject section */
		048FEE252244853B001160C8 /* Project object */ = {
			isa = PBXProject;
			attributes = {
				LastUpgradeCheck = 1010;
				ORGANIZATIONNAME = mac;
				TargetAttributes = {
					048FEE2C2244853C001160C8 = {
						CreatedOnToolsVersion = 10.1;
					};
					048FEE442244853C001160C8 = {
						CreatedOnToolsVersion = 10.1;
						TestTargetID = 048FEE2C2244853C001160C8;
					};
					048FEE4F2244853C001160C8 = {
						CreatedOnToolsVersion = 10.1;
						TestTargetID = 048FEE2C2244853C001160C8;
					};
				};
			};
			buildConfigurationList = 048FEE282244853B001160C8 /* Build configuration list for PBXProject "JMian" */;
			compatibilityVersion = "Xcode 9.3";
			developmentRegion = en;
			hasScannedForEncodings = 0;
			knownRegions = (
				en,
				Base,
			);
			mainGroup = 048FEE242244853B001160C8;
			productRefGroup = 048FEE2E2244853C001160C8 /* Products */;
			projectDirPath = "";
			projectRoot = "";
			targets = (
				048FEE2C2244853C001160C8 /* JMian */,
				048FEE442244853C001160C8 /* JMianTests */,
				048FEE4F2244853C001160C8 /* JMianUITests */,
			);
		};
/* End PBXProject section */

/* Begin PBXResourcesBuildPhase section */
		048FEE2B2244853C001160C8 /* Resources */ = {
			isa = PBXResourcesBuildPhase;
			buildActionMask = 2147483647;
			files = (
				048FEE3D2244853C001160C8 /* LaunchScreen.storyboard in Resources */,
				048FEE3A2244853C001160C8 /* Assets.xcassets in Resources */,
				048FEE382244853C001160C8 /* Main.storyboard in Resources */,
			);
			runOnlyForDeploymentPostprocessing = 0;
		};
		048FEE432244853C001160C8 /* Resources */ = {
			isa = PBXResourcesBuildPhase;
			buildActionMask = 2147483647;
			files = (
			);
			runOnlyForDeploymentPostprocessing = 0;
		};
		048FEE4E2244853C001160C8 /* Resources */ = {
			isa = PBXResourcesBuildPhase;
			buildActionMask = 2147483647;
			files = (
			);
			runOnlyForDeploymentPostprocessing = 0;
		};
/* End PBXResourcesBuildPhase section */

/* Begin PBXSourcesBuildPhase section */
		048FEE292244853C001160C8 /* Sources */ = {
			isa = PBXSourcesBuildPhase;
			buildActionMask = 2147483647;
			files = (
				048FEE352244853C001160C8 /* ViewController.m in Sources */,
				048FEE402244853C001160C8 /* main.m in Sources */,
				048FEE322244853C001160C8 /* AppDelegate.m in Sources */,
			);
			runOnlyForDeploymentPostprocessing = 0;
		};
		048FEE412244853C001160C8 /* Sources */ = {
			isa = PBXSourcesBuildPhase;
			buildActionMask = 2147483647;
			files = (
				048FEE4A2244853C001160C8 /* JMianTests.m in Sources */,
			);
			runOnlyForDeploymentPostprocessing = 0;
		};
		048FEE4C2244853C001160C8 /* Sources */ = {
			isa = PBXSourcesBuildPhase;
			buildActionMask = 2147483647;
			files = (
				048FEE552244853C001160C8 /* JMianUITests.m in Sources */,
			);
			runOnlyForDeploymentPostprocessing = 0;
		};
/* End PBXSourcesBuildPhase section */

/* Begin PBXTargetDependency section */
		048FEE472244853C001160C8 /* PBXTargetDependency */ = {
			isa = PBXTargetDependency;
			target = 048FEE2C2244853C001160C8 /* JMian */;
			targetProxy = 048FEE462244853C001160C8 /* PBXContainerItemProxy */;
		};
		048FEE522244853C001160C8 /* PBXTargetDependency */ = {
			isa = PBXTargetDependency;
			target = 048FEE2C2244853C001160C8 /* JMian */;
			targetProxy = 048FEE512244853C001160C8 /* PBXContainerItemProxy */;
		};
/* End PBXTargetDependency section */

/* Begin PBXVariantGroup section */
		048FEE362244853C001160C8 /* Main.storyboard */ = {
			isa = PBXVariantGroup;
			children = (
				048FEE372244853C001160C8 /* Base */,
			);
			name = Main.storyboard;
			sourceTree = "<group>";
		};
		048FEE3B2244853C001160C8 /* LaunchScreen.storyboard */ = {
			isa = PBXVariantGroup;
			children = (
				048FEE3C2244853C001160C8 /* Base */,
			);
			name = LaunchScreen.storyboard;
			sourceTree = "<group>";
		};
/* End PBXVariantGroup section */

/* Begin XCBuildConfiguration section */
		048FEE572244853C001160C8 /* Debug */ = {
			isa = XCBuildConfiguration;
			buildSettings = {
				ALWAYS_SEARCH_USER_PATHS = NO;
				CLANG_ANALYZER_NONNULL = YES;
				CLANG_ANALYZER_NUMBER_OBJECT_CONVERSION = YES_AGGRESSIVE;
				CLANG_CXX_LANGUAGE_STANDARD = "gnu++14";
				CLANG_CXX_LIBRARY = "libc++";
				CLANG_ENABLE_MODULES = YES;
				CLANG_ENABLE_OBJC_ARC = YES;
				CLANG_ENABLE_OBJC_WEAK = YES;
				CLANG_WARN_BLOCK_CAPTURE_AUTORELEASING = YES;
				CLANG_WARN_BOOL_CONVERSION = YES;
				CLANG_WARN_COMMA = YES;
				CLANG_WARN_CONSTANT_CONVERSION = YES;
				CLANG_WARN_DEPRECATED_OBJC_IMPLEMENTATIONS = YES;
				CLANG_WARN_DIRECT_OBJC_ISA_USAGE = YES_ERROR;
				CLANG_WARN_DOCUMENTATION_COMMENTS = YES;
				CLANG_WARN_EMPTY_BODY = YES;
				CLANG_WARN_ENUM_CONVERSION = YES;
				CLANG_WARN_INFINITE_RECURSION = YES;
				CLANG_WARN_INT_CONVERSION = YES;
				CLANG_WARN_NON_LITERAL_NULL_CONVERSION = YES;
				CLANG_WARN_OBJC_IMPLICIT_RETAIN_SELF = YES;
				CLANG_WARN_OBJC_LITERAL_CONVERSION = YES;
				CLANG_WARN_OBJC_ROOT_CLASS = YES_ERROR;
				CLANG_WARN_RANGE_LOOP_ANALYSIS = YES;
				CLANG_WARN_STRICT_PROTOTYPES = YES;
				CLANG_WARN_SUSPICIOUS_MOVE = YES;
				CLANG_WARN_UNGUARDED_AVAILABILITY = YES_AGGRESSIVE;
				CLANG_WARN_UNREACHABLE_CODE = YES;
				CLANG_WARN__DUPLICATE_METHOD_MATCH = YES;
				CODE_SIGN_IDENTITY = "iPhone Developer";
				COPY_PHASE_STRIP = NO;
				DEBUG_INFORMATION_FORMAT = dwarf;
				ENABLE_STRICT_OBJC_MSGSEND = YES;
				ENABLE_TESTABILITY = YES;
				GCC_C_LANGUAGE_STANDARD = gnu11;
				GCC_DYNAMIC_NO_PIC = NO;
				GCC_NO_COMMON_BLOCKS = YES;
				GCC_OPTIMIZATION_LEVEL = 0;
				GCC_PREPROCESSOR_DEFINITIONS = (
					"DEBUG=1",
					"$(inherited)",
				);
				GCC_WARN_64_TO_32_BIT_CONVERSION = YES;
				GCC_WARN_ABOUT_RETURN_TYPE = YES_ERROR;
				GCC_WARN_UNDECLARED_SELECTOR = YES;
				GCC_WARN_UNINITIALIZED_AUTOS = YES_AGGRESSIVE;
				GCC_WARN_UNUSED_FUNCTION = YES;
				GCC_WARN_UNUSED_VARIABLE = YES;
				IPHONEOS_DEPLOYMENT_TARGET = 12.1;
				MTL_ENABLE_DEBUG_INFO = INCLUDE_SOURCE;
				MTL_FAST_MATH = YES;
				ONLY_ACTIVE_ARCH = YES;
				SDKROOT = iphoneos;
			};
			name = Debug;
		};
		048FEE582244853C001160C8 /* Release */ = {
			isa = XCBuildConfiguration;
			buildSettings = {
				ALWAYS_SEARCH_USER_PATHS = NO;
				CLANG_ANALYZER_NONNULL = YES;
				CLANG_ANALYZER_NUMBER_OBJECT_CONVERSION = YES_AGGRESSIVE;
				CLANG_CXX_LANGUAGE_STANDARD = "gnu++14";
				CLANG_CXX_LIBRARY = "libc++";
				CLANG_ENABLE_MODULES = YES;
				CLANG_ENABLE_OBJC_ARC = YES;
				CLANG_ENABLE_OBJC_WEAK = YES;
				CLANG_WARN_BLOCK_CAPTURE_AUTORELEASING = YES;
				CLANG_WARN_BOOL_CONVERSION = YES;
				CLANG_WARN_COMMA = YES;
				CLANG_WARN_CONSTANT_CONVERSION = YES;
				CLANG_WARN_DEPRECATED_OBJC_IMPLEMENTATIONS = YES;
				CLANG_WARN_DIRECT_OBJC_ISA_USAGE = YES_ERROR;
				CLANG_WARN_DOCUMENTATION_COMMENTS = YES;
				CLANG_WARN_EMPTY_BODY = YES;
				CLANG_WARN_ENUM_CONVERSION = YES;
				CLANG_WARN_INFINITE_RECURSION = YES;
				CLANG_WARN_INT_CONVERSION = YES;
				CLANG_WARN_NON_LITERAL_NULL_CONVERSION = YES;
				CLANG_WARN_OBJC_IMPLICIT_RETAIN_SELF = YES;
				CLANG_WARN_OBJC_LITERAL_CONVERSION = YES;
				CLANG_WARN_OBJC_ROOT_CLASS = YES_ERROR;
				CLANG_WARN_RANGE_LOOP_ANALYSIS = YES;
				CLANG_WARN_STRICT_PROTOTYPES = YES;
				CLANG_WARN_SUSPICIOUS_MOVE = YES;
				CLANG_WARN_UNGUARDED_AVAILABILITY = YES_AGGRESSIVE;
				CLANG_WARN_UNREACHABLE_CODE = YES;
				CLANG_WARN__DUPLICATE_METHOD_MATCH = YES;
				CODE_SIGN_IDENTITY = "iPhone Developer";
				COPY_PHASE_STRIP = NO;
				DEBUG_INFORMATION_FORMAT = "dwarf-with-dsym";
				ENABLE_NS_ASSERTIONS = NO;
				ENABLE_STRICT_OBJC_MSGSEND = YES;
				GCC_C_LANGUAGE_STANDARD = gnu11;
				GCC_NO_COMMON_BLOCKS = YES;
				GCC_WARN_64_TO_32_BIT_CONVERSION = YES;
				GCC_WARN_ABOUT_RETURN_TYPE = YES_ERROR;
				GCC_WARN_UNDECLARED_SELECTOR = YES;
				GCC_WARN_UNINITIALIZED_AUTOS = YES_AGGRESSIVE;
				GCC_WARN_UNUSED_FUNCTION = YES;
				GCC_WARN_UNUSED_VARIABLE = YES;
				IPHONEOS_DEPLOYMENT_TARGET = 12.1;
				MTL_ENABLE_DEBUG_INFO = NO;
				MTL_FAST_MATH = YES;
				SDKROOT = iphoneos;
				VALIDATE_PRODUCT = YES;
			};
			name = Release;
		};
		048FEE5A2244853C001160C8 /* Debug */ = {
			isa = XCBuildConfiguration;
			buildSettings = {
				ASSETCATALOG_COMPILER_APPICON_NAME = AppIcon;
				CODE_SIGN_STYLE = Automatic;
				INFOPLIST_FILE = JMian/Info.plist;
				LD_RUNPATH_SEARCH_PATHS = (
					"$(inherited)",
					"@executable_path/Frameworks",
				);
				PRODUCT_BUNDLE_IDENTIFIER = "-.JMian";
				PRODUCT_NAME = "$(TARGET_NAME)";
				TARGETED_DEVICE_FAMILY = "1,2";
			};
			name = Debug;
		};
		048FEE5B2244853C001160C8 /* Release */ = {
			isa = XCBuildConfiguration;
			buildSettings = {
				ASSETCATALOG_COMPILER_APPICON_NAME = AppIcon;
				CODE_SIGN_STYLE = Automatic;
				INFOPLIST_FILE = JMian/Info.plist;
				LD_RUNPATH_SEARCH_PATHS = (
					"$(inherited)",
					"@executable_path/Frameworks",
				);
				PRODUCT_BUNDLE_IDENTIFIER = "-.JMian";
				PRODUCT_NAME = "$(TARGET_NAME)";
				TARGETED_DEVICE_FAMILY = "1,2";
			};
			name = Release;
		};
		048FEE5D2244853C001160C8 /* Debug */ = {
			isa = XCBuildConfiguration;
			buildSettings = {
				BUNDLE_LOADER = "$(TEST_HOST)";
				CODE_SIGN_STYLE = Automatic;
				INFOPLIST_FILE = JMianTests/Info.plist;
				LD_RUNPATH_SEARCH_PATHS = (
					"$(inherited)",
					"@executable_path/Frameworks",
					"@loader_path/Frameworks",
				);
				PRODUCT_BUNDLE_IDENTIFIER = "-.JMianTests";
				PRODUCT_NAME = "$(TARGET_NAME)";
				TARGETED_DEVICE_FAMILY = "1,2";
				TEST_HOST = "$(BUILT_PRODUCTS_DIR)/JMian.app/JMian";
			};
			name = Debug;
		};
		048FEE5E2244853C001160C8 /* Release */ = {
			isa = XCBuildConfiguration;
			buildSettings = {
				BUNDLE_LOADER = "$(TEST_HOST)";
				CODE_SIGN_STYLE = Automatic;
				INFOPLIST_FILE = JMianTests/Info.plist;
				LD_RUNPATH_SEARCH_PATHS = (
					"$(inherited)",
					"@executable_path/Frameworks",
					"@loader_path/Frameworks",
				);
				PRODUCT_BUNDLE_IDENTIFIER = "-.JMianTests";
				PRODUCT_NAME = "$(TARGET_NAME)";
				TARGETED_DEVICE_FAMILY = "1,2";
				TEST_HOST = "$(BUILT_PRODUCTS_DIR)/JMian.app/JMian";
			};
			name = Release;
		};
		048FEE602244853C001160C8 /* Debug */ = {
			isa = XCBuildConfiguration;
			buildSettings = {
				CODE_SIGN_STYLE = Automatic;
				INFOPLIST_FILE = JMianUITests/Info.plist;
				LD_RUNPATH_SEARCH_PATHS = (
					"$(inherited)",
					"@executable_path/Frameworks",
					"@loader_path/Frameworks",
				);
				PRODUCT_BUNDLE_IDENTIFIER = "-.JMianUITests";
				PRODUCT_NAME = "$(TARGET_NAME)";
				TARGETED_DEVICE_FAMILY = "1,2";
				TEST_TARGET_NAME = JMian;
			};
			name = Debug;
		};
		048FEE612244853C001160C8 /* Release */ = {
			isa = XCBuildConfiguration;
			buildSettings = {
				CODE_SIGN_STYLE = Automatic;
				INFOPLIST_FILE = JMianUITests/Info.plist;
				LD_RUNPATH_SEARCH_PATHS = (
					"$(inherited)",
					"@executable_path/Frameworks",
					"@loader_path/Frameworks",
				);
				PRODUCT_BUNDLE_IDENTIFIER = "-.JMianUITests";
				PRODUCT_NAME = "$(TARGET_NAME)";
				TARGETED_DEVICE_FAMILY = "1,2";
				TEST_TARGET_NAME = JMian;
			};
			name = Release;
		};
/* End XCBuildConfiguration section */

/* Begin XCConfigurationList section */
		048FEE282244853B001160C8 /* Build configuration list for PBXProject "JMian" */ = {
			isa = XCConfigurationList;
			buildConfigurations = (
				048FEE572244853C001160C8 /* Debug */,
				048FEE582244853C001160C8 /* Release */,
			);
			defaultConfigurationIsVisible = 0;
			defaultConfigurationName = Release;
		};
		048FEE592244853C001160C8 /* Build configuration list for PBXNativeTarget "JMian" */ = {
			isa = XCConfigurationList;
			buildConfigurations = (
				048FEE5A2244853C001160C8 /* Debug */,
				048FEE5B2244853C001160C8 /* Release */,
			);
			defaultConfigurationIsVisible = 0;
			defaultConfigurationName = Release;
		};
		048FEE5C2244853C001160C8 /* Build configuration list for PBXNativeTarget "JMianTests" */ = {
			isa = XCConfigurationList;
			buildConfigurations = (
				048FEE5D2244853C001160C8 /* Debug */,
				048FEE5E2244853C001160C8 /* Release */,
			);
			defaultConfigurationIsVisible = 0;
			defaultConfigurationName = Release;
		};
		048FEE5F2244853C001160C8 /* Build configuration list for PBXNativeTarget "JMianUITests" */ = {
			isa = XCConfigurationList;
			buildConfigurations = (
				048FEE602244853C001160C8 /* Debug */,
				048FEE612244853C001160C8 /* Release */,
			);
			defaultConfigurationIsVisible = 0;
			defaultConfigurationName = Release;
		};
/* End XCConfigurationList section */
	};
	rootObject = 048FEE252244853B001160C8 /* Project object */;
}
