PODS:
  - AFNetworking (3.2.1):
    - AFNetworking/NSURLSession (= 3.2.1)
    - AFNetworking/Reachability (= 3.2.1)
    - AFNetworking/Security (= 3.2.1)
    - AFNetworking/Serialization (= 3.2.1)
    - AFNetworking/UIKit (= 3.2.1)
  - AFNetworking/NSURLSession (3.2.1):
    - AFNetworking/Reachability
    - AFNetworking/Security
    - AFNetworking/Serialization
  - AFNetworking/Reachability (3.2.1)
  - AFNetworking/Security (3.2.1)
  - AFNetworking/Serialization (3.2.1)
  - AFNetworking/UIKit (3.2.1):
    - AFNetworking/NSURLSession
  - Masonry (1.0.2)
  - MJExtension (3.0.15.1)
  - MJRefresh (3.1.15.7)
  - SDCycleScrollView (1.75):
    - SDWebImage (>= 4.0.0)
  - SDWebImage (4.4.3):
    - SDWebImage/Core (= 4.4.3)
  - SDWebImage/Core (4.4.3)
  - SYWechatOpenSDK (1.7.9)
  - TXIMSDK_iOS (4.2.1)
  - YYCache (1.0.4)
  - YYText (1.0.7)

DEPENDENCIES:
  - AFNetworking
  - Masonry (~> 1.0.1)
  - MJExtension
  - MJRefresh
  - SDCycleScrollView
  - SDWebImage
  - SYWechatOpenSDK (~> 1.7.9)
  - TXIMSDK_iOS
  - YYCache
  - YYText

SPEC REPOS:
  https://github.com/cocoapods/specs.git:
    - AFNetworking
    - Masonry
    - MJExtension
    - MJRefresh
    - SDCycleScrollView
    - SDWebImage
    - SYWechatOpenSDK
    - TXIMSDK_iOS
    - YYCache
    - YYText

SPEC CHECKSUMS:
  AFNetworking: b6f891fdfaed196b46c7a83cf209e09697b94057
  Masonry: 7c429b56da9d4ee0bbb3ed77a5ea710d6a5df39e
  MJExtension: 19bc33ce2eee2d319760f5622562cf581a6ff756
  MJRefresh: 697f8ec75ebdbe9207767bb682cf0f51b0d8a41f
  SDCycleScrollView: 884b88f0266dd4708a0e1934975c69cb971707b1
  SDWebImage: c5594f1a19c48d526d321e548902b56b479cd508
  SYWechatOpenSDK: f93b2e77a3ea8cdb70d535ec1605a5612bac72d6
  TXIMSDK_iOS: d1d71f1997c2ca8264284c1af14225a482b487ff
  YYCache: 8105b6638f5e849296c71f331ff83891a4942952
  YYText: 5c461d709e24d55a182d1441c41dc639a18a4849

PODFILE CHECKSUM: 301a8d5c3c1935bcb39fd066eb2fa71342e4f2d3

COCOAPODS: 1.6.1
